// !$*UTF8*$!
{
	archiveVersion = 1;
	classes = {
	};
	objectVersion = 56;
	objects = {

/* Begin PBXBuildFile section */
		1608006E57ABFF13F7A7E707 /* Pods_Todo_TodoUITests.framework in Frameworks */ = {isa = PBXBuildFile; fileRef = 582910CB609E5BE0A7EACB3D /* Pods_Todo_TodoUITests.framework */; };
		5296A3142C2EA82900312885 /* MyDoingsView.swift in Sources */ = {isa = PBXBuildFile; fileRef = 5296A3132C2EA82900312885 /* MyDoingsView.swift */; };
		5296A3162C2EABCE00312885 /* MyDoingsViewModel.swift in Sources */ = {isa = PBXBuildFile; fileRef = 5296A3152C2EABCE00312885 /* MyDoingsViewModel.swift */; };
		5296A3192C2EF2F000312885 /* ImportancePickerView.swift in Sources */ = {isa = PBXBuildFile; fileRef = 5296A3182C2EF2F000312885 /* ImportancePickerView.swift */; };
		5296A31B2C2EF30400312885 /* DeadlinePickerView.swift in Sources */ = {isa = PBXBuildFile; fileRef = 5296A31A2C2EF30400312885 /* DeadlinePickerView.swift */; };
		5296A3202C2F2FCF00312885 /* EditTodoItemView.swift in Sources */ = {isa = PBXBuildFile; fileRef = 5296A31F2C2F2FCE00312885 /* EditTodoItemView.swift */; };
		5296A3222C2F321F00312885 /* EditTodoItemViewModel.swift in Sources */ = {isa = PBXBuildFile; fileRef = 5296A3212C2F321F00312885 /* EditTodoItemViewModel.swift */; };
		5296A3252C2F5AF200312885 /* CustomColorPickerView.swift in Sources */ = {isa = PBXBuildFile; fileRef = 5296A3242C2F5AF200312885 /* CustomColorPickerView.swift */; };
		5296A3272C2F7C2300312885 /* UIColor+Blend.swift in Sources */ = {isa = PBXBuildFile; fileRef = 5296A3262C2F7C2300312885 /* UIColor+Blend.swift */; };
		5296A3292C2F7C7E00312885 /* Color+HexString.swift in Sources */ = {isa = PBXBuildFile; fileRef = 5296A3282C2F7C7E00312885 /* Color+HexString.swift */; };
		5296A32B2C2F878400312885 /* TodoRowView.swift in Sources */ = {isa = PBXBuildFile; fileRef = 5296A32A2C2F878400312885 /* TodoRowView.swift */; };
		52B03E752C268085007D8DC9 /* TodoApp.swift in Sources */ = {isa = PBXBuildFile; fileRef = 52B03E742C268085007D8DC9 /* TodoApp.swift */; };
		52B03E792C268089007D8DC9 /* Assets.xcassets in Resources */ = {isa = PBXBuildFile; fileRef = 52B03E782C268089007D8DC9 /* Assets.xcassets */; };
		52B03E7C2C268089007D8DC9 /* Preview Assets.xcassets in Resources */ = {isa = PBXBuildFile; fileRef = 52B03E7B2C268089007D8DC9 /* Preview Assets.xcassets */; };
		52B03E862C26808A007D8DC9 /* TodoTests.swift in Sources */ = {isa = PBXBuildFile; fileRef = 52B03E852C26808A007D8DC9 /* TodoTests.swift */; };
		52B03E902C26808A007D8DC9 /* TodoUITests.swift in Sources */ = {isa = PBXBuildFile; fileRef = 52B03E8F2C26808A007D8DC9 /* TodoUITests.swift */; };
		52B03E922C26808A007D8DC9 /* TodoUITestsLaunchTests.swift in Sources */ = {isa = PBXBuildFile; fileRef = 52B03E912C26808A007D8DC9 /* TodoUITestsLaunchTests.swift */; };
		52B03EA22C268125007D8DC9 /* TodoItem.swift in Sources */ = {isa = PBXBuildFile; fileRef = 52B03EA12C268125007D8DC9 /* TodoItem.swift */; };
		52B03EA42C268157007D8DC9 /* TodoItem+ParsingJson.swift in Sources */ = {isa = PBXBuildFile; fileRef = 52B03EA32C268157007D8DC9 /* TodoItem+ParsingJson.swift */; };
		52B03EA62C268170007D8DC9 /* TodoItem+ParsingCSV.swift in Sources */ = {isa = PBXBuildFile; fileRef = 52B03EA52C268170007D8DC9 /* TodoItem+ParsingCSV.swift */; };
		52B03EA82C268197007D8DC9 /* FileCache.swift in Sources */ = {isa = PBXBuildFile; fileRef = 52B03EA72C268197007D8DC9 /* FileCache.swift */; };
		52B03EAA2C2681B1007D8DC9 /* FileStorageStrategy.swift in Sources */ = {isa = PBXBuildFile; fileRef = 52B03EA92C2681B1007D8DC9 /* FileStorageStrategy.swift */; };
		52B03EAC2C2681D3007D8DC9 /* JsonFileStorageStrategy.swift in Sources */ = {isa = PBXBuildFile; fileRef = 52B03EAB2C2681D3007D8DC9 /* JsonFileStorageStrategy.swift */; };
		52B03EAE2C268203007D8DC9 /* CSVFileStorageStrategy.swift in Sources */ = {isa = PBXBuildFile; fileRef = 52B03EAD2C268203007D8DC9 /* CSVFileStorageStrategy.swift */; };
		52B03EB02C268245007D8DC9 /* TodoItemTests.swift in Sources */ = {isa = PBXBuildFile; fileRef = 52B03EAF2C268245007D8DC9 /* TodoItemTests.swift */; };
		52F8D3242C3ED6BD001BC6D3 /* CocoaLumberjack in Frameworks */ = {isa = PBXBuildFile; productRef = 52F8D3232C3ED6BD001BC6D3 /* CocoaLumberjack */; };
		52F8D3262C3ED6BD001BC6D3 /* CocoaLumberjackSwift in Frameworks */ = {isa = PBXBuildFile; productRef = 52F8D3252C3ED6BD001BC6D3 /* CocoaLumberjackSwift */; };
		52FB13162C35F6F400ECE4B1 /* NewTodoRowView.swift in Sources */ = {isa = PBXBuildFile; fileRef = 52FB13152C35F6F400ECE4B1 /* NewTodoRowView.swift */; };
		52FB13232C382B5100ECE4B1 /* CalendarViewController.swift in Sources */ = {isa = PBXBuildFile; fileRef = 52FB13222C382B5100ECE4B1 /* CalendarViewController.swift */; };
		52FB13252C382C5D00ECE4B1 /* CalendarViewModel.swift in Sources */ = {isa = PBXBuildFile; fileRef = 52FB13242C382C5D00ECE4B1 /* CalendarViewModel.swift */; };
		52FB13282C38343A00ECE4B1 /* TodoCell.swift in Sources */ = {isa = PBXBuildFile; fileRef = 52FB13272C38343A00ECE4B1 /* TodoCell.swift */; };
		52FB132A2C3837F500ECE4B1 /* CalendarViewWrapper.swift in Sources */ = {isa = PBXBuildFile; fileRef = 52FB13292C3837F500ECE4B1 /* CalendarViewWrapper.swift */; };
		52FB132C2C38795800ECE4B1 /* CalendarCell.swift in Sources */ = {isa = PBXBuildFile; fileRef = 52FB132B2C38795800ECE4B1 /* CalendarCell.swift */; };
		52FB132E2C38AF9300ECE4B1 /* CategoryPickerView.swift in Sources */ = {isa = PBXBuildFile; fileRef = 52FB132D2C38AF9300ECE4B1 /* CategoryPickerView.swift */; };
		52FB13302C38B03200ECE4B1 /* Category.swift in Sources */ = {isa = PBXBuildFile; fileRef = 52FB132F2C38B03200ECE4B1 /* Category.swift */; };
		CA5D6815B8F0261B7EA5C445 /* Pods_TodoTests.framework in Frameworks */ = {isa = PBXBuildFile; fileRef = D3B432608053D762B049FD67 /* Pods_TodoTests.framework */; };
		F5A34D3D91AC194BE1DB4149 /* Pods_Todo.framework in Frameworks */ = {isa = PBXBuildFile; fileRef = 837A1BA3F920F0C6D3E63FCA /* Pods_Todo.framework */; };
/* End PBXBuildFile section */

/* Begin PBXContainerItemProxy section */
		52B03E822C26808A007D8DC9 /* PBXContainerItemProxy */ = {
			isa = PBXContainerItemProxy;
			containerPortal = 52B03E692C268085007D8DC9 /* Project object */;
			proxyType = 1;
			remoteGlobalIDString = 52B03E702C268085007D8DC9;
			remoteInfo = Todo;
		};
		52B03E8C2C26808A007D8DC9 /* PBXContainerItemProxy */ = {
			isa = PBXContainerItemProxy;
			containerPortal = 52B03E692C268085007D8DC9 /* Project object */;
			proxyType = 1;
			remoteGlobalIDString = 52B03E702C268085007D8DC9;
			remoteInfo = Todo;
		};
/* End PBXContainerItemProxy section */

/* Begin PBXFileReference section */
		1D95342A1C9A738FF80A5A08 /* Pods-TodoTests.debug.xcconfig */ = {isa = PBXFileReference; includeInIndex = 1; lastKnownFileType = text.xcconfig; name = "Pods-TodoTests.debug.xcconfig"; path = "Target Support Files/Pods-TodoTests/Pods-TodoTests.debug.xcconfig"; sourceTree = "<group>"; };
		1E2F528F709D1FC875011E59 /* Pods-Todo.debug.xcconfig */ = {isa = PBXFileReference; includeInIndex = 1; lastKnownFileType = text.xcconfig; name = "Pods-Todo.debug.xcconfig"; path = "Target Support Files/Pods-Todo/Pods-Todo.debug.xcconfig"; sourceTree = "<group>"; };
		1F74BA2E734AF91672644DC0 /* Pods-Todo-TodoUITests.release.xcconfig */ = {isa = PBXFileReference; includeInIndex = 1; lastKnownFileType = text.xcconfig; name = "Pods-Todo-TodoUITests.release.xcconfig"; path = "Target Support Files/Pods-Todo-TodoUITests/Pods-Todo-TodoUITests.release.xcconfig"; sourceTree = "<group>"; };
		5296A3132C2EA82900312885 /* MyDoingsView.swift */ = {isa = PBXFileReference; lastKnownFileType = sourcecode.swift; path = MyDoingsView.swift; sourceTree = "<group>"; };
		5296A3152C2EABCE00312885 /* MyDoingsViewModel.swift */ = {isa = PBXFileReference; lastKnownFileType = sourcecode.swift; path = MyDoingsViewModel.swift; sourceTree = "<group>"; };
		5296A3182C2EF2F000312885 /* ImportancePickerView.swift */ = {isa = PBXFileReference; lastKnownFileType = sourcecode.swift; path = ImportancePickerView.swift; sourceTree = "<group>"; };
		5296A31A2C2EF30400312885 /* DeadlinePickerView.swift */ = {isa = PBXFileReference; lastKnownFileType = sourcecode.swift; path = DeadlinePickerView.swift; sourceTree = "<group>"; };
		5296A31F2C2F2FCE00312885 /* EditTodoItemView.swift */ = {isa = PBXFileReference; lastKnownFileType = sourcecode.swift; path = EditTodoItemView.swift; sourceTree = "<group>"; };
		5296A3212C2F321F00312885 /* EditTodoItemViewModel.swift */ = {isa = PBXFileReference; lastKnownFileType = sourcecode.swift; path = EditTodoItemViewModel.swift; sourceTree = "<group>"; };
		5296A3242C2F5AF200312885 /* CustomColorPickerView.swift */ = {isa = PBXFileReference; lastKnownFileType = sourcecode.swift; path = CustomColorPickerView.swift; sourceTree = "<group>"; };
		5296A3262C2F7C2300312885 /* UIColor+Blend.swift */ = {isa = PBXFileReference; lastKnownFileType = sourcecode.swift; path = "UIColor+Blend.swift"; sourceTree = "<group>"; };
		5296A3282C2F7C7E00312885 /* Color+HexString.swift */ = {isa = PBXFileReference; lastKnownFileType = sourcecode.swift; path = "Color+HexString.swift"; sourceTree = "<group>"; };
		5296A32A2C2F878400312885 /* TodoRowView.swift */ = {isa = PBXFileReference; lastKnownFileType = sourcecode.swift; path = TodoRowView.swift; sourceTree = "<group>"; };
		52B03E712C268085007D8DC9 /* Todo.app */ = {isa = PBXFileReference; explicitFileType = wrapper.application; includeInIndex = 0; path = Todo.app; sourceTree = BUILT_PRODUCTS_DIR; };
		52B03E742C268085007D8DC9 /* TodoApp.swift */ = {isa = PBXFileReference; lastKnownFileType = sourcecode.swift; path = TodoApp.swift; sourceTree = "<group>"; };
		52B03E782C268089007D8DC9 /* Assets.xcassets */ = {isa = PBXFileReference; lastKnownFileType = folder.assetcatalog; path = Assets.xcassets; sourceTree = "<group>"; };
		52B03E7B2C268089007D8DC9 /* Preview Assets.xcassets */ = {isa = PBXFileReference; lastKnownFileType = folder.assetcatalog; path = "Preview Assets.xcassets"; sourceTree = "<group>"; };
		52B03E812C26808A007D8DC9 /* TodoTests.xctest */ = {isa = PBXFileReference; explicitFileType = wrapper.cfbundle; includeInIndex = 0; path = TodoTests.xctest; sourceTree = BUILT_PRODUCTS_DIR; };
		52B03E852C26808A007D8DC9 /* TodoTests.swift */ = {isa = PBXFileReference; lastKnownFileType = sourcecode.swift; path = TodoTests.swift; sourceTree = "<group>"; };
		52B03E8B2C26808A007D8DC9 /* TodoUITests.xctest */ = {isa = PBXFileReference; explicitFileType = wrapper.cfbundle; includeInIndex = 0; path = TodoUITests.xctest; sourceTree = BUILT_PRODUCTS_DIR; };
		52B03E8F2C26808A007D8DC9 /* TodoUITests.swift */ = {isa = PBXFileReference; lastKnownFileType = sourcecode.swift; path = TodoUITests.swift; sourceTree = "<group>"; };
		52B03E912C26808A007D8DC9 /* TodoUITestsLaunchTests.swift */ = {isa = PBXFileReference; lastKnownFileType = sourcecode.swift; path = TodoUITestsLaunchTests.swift; sourceTree = "<group>"; };
		52B03EA12C268125007D8DC9 /* TodoItem.swift */ = {isa = PBXFileReference; lastKnownFileType = sourcecode.swift; path = TodoItem.swift; sourceTree = "<group>"; };
		52B03EA32C268157007D8DC9 /* TodoItem+ParsingJson.swift */ = {isa = PBXFileReference; lastKnownFileType = sourcecode.swift; path = "TodoItem+ParsingJson.swift"; sourceTree = "<group>"; };
		52B03EA52C268170007D8DC9 /* TodoItem+ParsingCSV.swift */ = {isa = PBXFileReference; lastKnownFileType = sourcecode.swift; path = "TodoItem+ParsingCSV.swift"; sourceTree = "<group>"; };
		52B03EA72C268197007D8DC9 /* FileCache.swift */ = {isa = PBXFileReference; lastKnownFileType = sourcecode.swift; path = FileCache.swift; sourceTree = "<group>"; };
		52B03EA92C2681B1007D8DC9 /* FileStorageStrategy.swift */ = {isa = PBXFileReference; lastKnownFileType = sourcecode.swift; path = FileStorageStrategy.swift; sourceTree = "<group>"; };
		52B03EAB2C2681D3007D8DC9 /* JsonFileStorageStrategy.swift */ = {isa = PBXFileReference; lastKnownFileType = sourcecode.swift; path = JsonFileStorageStrategy.swift; sourceTree = "<group>"; };
		52B03EAD2C268203007D8DC9 /* CSVFileStorageStrategy.swift */ = {isa = PBXFileReference; lastKnownFileType = sourcecode.swift; path = CSVFileStorageStrategy.swift; sourceTree = "<group>"; };
		52B03EAF2C268245007D8DC9 /* TodoItemTests.swift */ = {isa = PBXFileReference; lastKnownFileType = sourcecode.swift; path = TodoItemTests.swift; sourceTree = "<group>"; };
		52FB13152C35F6F400ECE4B1 /* NewTodoRowView.swift */ = {isa = PBXFileReference; lastKnownFileType = sourcecode.swift; path = NewTodoRowView.swift; sourceTree = "<group>"; };
		52FB13222C382B5100ECE4B1 /* CalendarViewController.swift */ = {isa = PBXFileReference; lastKnownFileType = sourcecode.swift; path = CalendarViewController.swift; sourceTree = "<group>"; };
		52FB13242C382C5D00ECE4B1 /* CalendarViewModel.swift */ = {isa = PBXFileReference; lastKnownFileType = sourcecode.swift; path = CalendarViewModel.swift; sourceTree = "<group>"; };
		52FB13272C38343A00ECE4B1 /* TodoCell.swift */ = {isa = PBXFileReference; lastKnownFileType = sourcecode.swift; path = TodoCell.swift; sourceTree = "<group>"; };
		52FB13292C3837F500ECE4B1 /* CalendarViewWrapper.swift */ = {isa = PBXFileReference; lastKnownFileType = sourcecode.swift; path = CalendarViewWrapper.swift; sourceTree = "<group>"; };
		52FB132B2C38795800ECE4B1 /* CalendarCell.swift */ = {isa = PBXFileReference; lastKnownFileType = sourcecode.swift; path = CalendarCell.swift; sourceTree = "<group>"; };
		52FB132D2C38AF9300ECE4B1 /* CategoryPickerView.swift */ = {isa = PBXFileReference; lastKnownFileType = sourcecode.swift; path = CategoryPickerView.swift; sourceTree = "<group>"; };
		52FB132F2C38B03200ECE4B1 /* Category.swift */ = {isa = PBXFileReference; lastKnownFileType = sourcecode.swift; path = Category.swift; sourceTree = "<group>"; };
		582910CB609E5BE0A7EACB3D /* Pods_Todo_TodoUITests.framework */ = {isa = PBXFileReference; explicitFileType = wrapper.framework; includeInIndex = 0; path = Pods_Todo_TodoUITests.framework; sourceTree = BUILT_PRODUCTS_DIR; };
		6A1C154F959415B2451F9503 /* Pods-Todo-TodoUITests.debug.xcconfig */ = {isa = PBXFileReference; includeInIndex = 1; lastKnownFileType = text.xcconfig; name = "Pods-Todo-TodoUITests.debug.xcconfig"; path = "Target Support Files/Pods-Todo-TodoUITests/Pods-Todo-TodoUITests.debug.xcconfig"; sourceTree = "<group>"; };
		837A1BA3F920F0C6D3E63FCA /* Pods_Todo.framework */ = {isa = PBXFileReference; explicitFileType = wrapper.framework; includeInIndex = 0; path = Pods_Todo.framework; sourceTree = BUILT_PRODUCTS_DIR; };
		BD75CB3BF24EFA4273288A11 /* Pods-Todo.release.xcconfig */ = {isa = PBXFileReference; includeInIndex = 1; lastKnownFileType = text.xcconfig; name = "Pods-Todo.release.xcconfig"; path = "Target Support Files/Pods-Todo/Pods-Todo.release.xcconfig"; sourceTree = "<group>"; };
		D3B432608053D762B049FD67 /* Pods_TodoTests.framework */ = {isa = PBXFileReference; explicitFileType = wrapper.framework; includeInIndex = 0; path = Pods_TodoTests.framework; sourceTree = BUILT_PRODUCTS_DIR; };
		D839AAB48AF3AA3EDD1C74E9 /* Pods-TodoTests.release.xcconfig */ = {isa = PBXFileReference; includeInIndex = 1; lastKnownFileType = text.xcconfig; name = "Pods-TodoTests.release.xcconfig"; path = "Target Support Files/Pods-TodoTests/Pods-TodoTests.release.xcconfig"; sourceTree = "<group>"; };
/* End PBXFileReference section */

/* Begin PBXFrameworksBuildPhase section */
		52B03E6E2C268085007D8DC9 /* Frameworks */ = {
			isa = PBXFrameworksBuildPhase;
			buildActionMask = 2147483647;
			files = (
				52F8D3262C3ED6BD001BC6D3 /* CocoaLumberjackSwift in Frameworks */,
				52F8D3242C3ED6BD001BC6D3 /* CocoaLumberjack in Frameworks */,
				F5A34D3D91AC194BE1DB4149 /* Pods_Todo.framework in Frameworks */,
			);
			runOnlyForDeploymentPostprocessing = 0;
		};
		52B03E7E2C26808A007D8DC9 /* Frameworks */ = {
			isa = PBXFrameworksBuildPhase;
			buildActionMask = 2147483647;
			files = (
				CA5D6815B8F0261B7EA5C445 /* Pods_TodoTests.framework in Frameworks */,
			);
			runOnlyForDeploymentPostprocessing = 0;
		};
		52B03E882C26808A007D8DC9 /* Frameworks */ = {
			isa = PBXFrameworksBuildPhase;
			buildActionMask = 2147483647;
			files = (
				1608006E57ABFF13F7A7E707 /* Pods_Todo_TodoUITests.framework in Frameworks */,
			);
			runOnlyForDeploymentPostprocessing = 0;
		};
/* End PBXFrameworksBuildPhase section */

/* Begin PBXGroup section */
		496A4C56E7C7A188E908BD3D /* Pods */ = {
			isa = PBXGroup;
			children = (
				1E2F528F709D1FC875011E59 /* Pods-Todo.debug.xcconfig */,
				BD75CB3BF24EFA4273288A11 /* Pods-Todo.release.xcconfig */,
				6A1C154F959415B2451F9503 /* Pods-Todo-TodoUITests.debug.xcconfig */,
				1F74BA2E734AF91672644DC0 /* Pods-Todo-TodoUITests.release.xcconfig */,
				1D95342A1C9A738FF80A5A08 /* Pods-TodoTests.debug.xcconfig */,
				D839AAB48AF3AA3EDD1C74E9 /* Pods-TodoTests.release.xcconfig */,
			);
			path = Pods;
			sourceTree = "<group>";
		};
		5296A3112C2EA5DB00312885 /* Screens */ = {
			isa = PBXGroup;
			children = (
				52FB13172C37E13100ECE4B1 /* CalendarScreen */,
				5296A3232C2F398300312885 /* EditTodoItemScreen */,
				5296A3122C2EA80D00312885 /* MyDoingsScreen */,
			);
			path = Screens;
			sourceTree = "<group>";
		};
		5296A3122C2EA80D00312885 /* MyDoingsScreen */ = {
			isa = PBXGroup;
			children = (
				52FB131B2C37E17800ECE4B1 /* ViewModels */,
				52FB131A2C37E16300ECE4B1 /* Views */,
			);
			path = MyDoingsScreen;
			sourceTree = "<group>";
		};
		5296A3232C2F398300312885 /* EditTodoItemScreen */ = {
			isa = PBXGroup;
			children = (
				52FB13192C37E15200ECE4B1 /* ViewModels */,
				52FB13182C37E13E00ECE4B1 /* Views */,
			);
			path = EditTodoItemScreen;
			sourceTree = "<group>";
		};
		52B03E682C268085007D8DC9 = {
			isa = PBXGroup;
			children = (
				52B03E732C268085007D8DC9 /* Todo */,
				52B03E842C26808A007D8DC9 /* TodoTests */,
				52B03E8E2C26808A007D8DC9 /* TodoUITests */,
				52B03E722C268085007D8DC9 /* Products */,
				496A4C56E7C7A188E908BD3D /* Pods */,
				E3833EA39D8292DC608CEE6C /* Frameworks */,
			);
			sourceTree = "<group>";
		};
		52B03E722C268085007D8DC9 /* Products */ = {
			isa = PBXGroup;
			children = (
				52B03E712C268085007D8DC9 /* Todo.app */,
				52B03E812C26808A007D8DC9 /* TodoTests.xctest */,
				52B03E8B2C26808A007D8DC9 /* TodoUITests.xctest */,
			);
			name = Products;
			sourceTree = "<group>";
		};
		52B03E732C268085007D8DC9 /* Todo */ = {
			isa = PBXGroup;
			children = (
				5296A3112C2EA5DB00312885 /* Screens */,
				52B03EA02C2680FE007D8DC9 /* Services */,
				52B03E9F2C2680F5007D8DC9 /* Extensions */,
				52B03E9E2C2680EE007D8DC9 /* Models */,
				52B03E742C268085007D8DC9 /* TodoApp.swift */,
				52B03E782C268089007D8DC9 /* Assets.xcassets */,
				52B03E7A2C268089007D8DC9 /* Preview Content */,
			);
			path = Todo;
			sourceTree = "<group>";
		};
		52B03E7A2C268089007D8DC9 /* Preview Content */ = {
			isa = PBXGroup;
			children = (
				52B03E7B2C268089007D8DC9 /* Preview Assets.xcassets */,
			);
			path = "Preview Content";
			sourceTree = "<group>";
		};
		52B03E842C26808A007D8DC9 /* TodoTests */ = {
			isa = PBXGroup;
			children = (
				52B03E852C26808A007D8DC9 /* TodoTests.swift */,
				52B03EAF2C268245007D8DC9 /* TodoItemTests.swift */,
			);
			path = TodoTests;
			sourceTree = "<group>";
		};
		52B03E8E2C26808A007D8DC9 /* TodoUITests */ = {
			isa = PBXGroup;
			children = (
				52B03E8F2C26808A007D8DC9 /* TodoUITests.swift */,
				52B03E912C26808A007D8DC9 /* TodoUITestsLaunchTests.swift */,
			);
			path = TodoUITests;
			sourceTree = "<group>";
		};
		52B03E9E2C2680EE007D8DC9 /* Models */ = {
			isa = PBXGroup;
			children = (
				52B03EA12C268125007D8DC9 /* TodoItem.swift */,
				52FB132F2C38B03200ECE4B1 /* Category.swift */,
			);
			path = Models;
			sourceTree = "<group>";
		};
		52B03E9F2C2680F5007D8DC9 /* Extensions */ = {
			isa = PBXGroup;
			children = (
				52B03EA32C268157007D8DC9 /* TodoItem+ParsingJson.swift */,
				52B03EA52C268170007D8DC9 /* TodoItem+ParsingCSV.swift */,
				5296A3262C2F7C2300312885 /* UIColor+Blend.swift */,
				5296A3282C2F7C7E00312885 /* Color+HexString.swift */,
			);
			path = Extensions;
			sourceTree = "<group>";
		};
		52B03EA02C2680FE007D8DC9 /* Services */ = {
			isa = PBXGroup;
			children = (
				52B03EA72C268197007D8DC9 /* FileCache.swift */,
				52B03EA92C2681B1007D8DC9 /* FileStorageStrategy.swift */,
				52B03EAB2C2681D3007D8DC9 /* JsonFileStorageStrategy.swift */,
				52B03EAD2C268203007D8DC9 /* CSVFileStorageStrategy.swift */,
			);
			path = Services;
			sourceTree = "<group>";
		};
		52FB13172C37E13100ECE4B1 /* CalendarScreen */ = {
			isa = PBXGroup;
			children = (
				52FB131D2C37E19100ECE4B1 /* ViewModels */,
				52FB131C2C37E18B00ECE4B1 /* Views */,
				52FB13292C3837F500ECE4B1 /* CalendarViewWrapper.swift */,
			);
			path = CalendarScreen;
			sourceTree = "<group>";
		};
		52FB13182C37E13E00ECE4B1 /* Views */ = {
			isa = PBXGroup;
			children = (
				5296A31F2C2F2FCE00312885 /* EditTodoItemView.swift */,
				5296A31A2C2EF30400312885 /* DeadlinePickerView.swift */,
				5296A3182C2EF2F000312885 /* ImportancePickerView.swift */,
				5296A3242C2F5AF200312885 /* CustomColorPickerView.swift */,
				52FB132D2C38AF9300ECE4B1 /* CategoryPickerView.swift */,
			);
			path = Views;
			sourceTree = "<group>";
		};
		52FB13192C37E15200ECE4B1 /* ViewModels */ = {
			isa = PBXGroup;
			children = (
				5296A3212C2F321F00312885 /* EditTodoItemViewModel.swift */,
			);
			path = ViewModels;
			sourceTree = "<group>";
		};
		52FB131A2C37E16300ECE4B1 /* Views */ = {
			isa = PBXGroup;
			children = (
				52FB13152C35F6F400ECE4B1 /* NewTodoRowView.swift */,
				5296A32A2C2F878400312885 /* TodoRowView.swift */,
				5296A3132C2EA82900312885 /* MyDoingsView.swift */,
			);
			path = Views;
			sourceTree = "<group>";
		};
		52FB131B2C37E17800ECE4B1 /* ViewModels */ = {
			isa = PBXGroup;
			children = (
				5296A3152C2EABCE00312885 /* MyDoingsViewModel.swift */,
			);
			path = ViewModels;
			sourceTree = "<group>";
		};
		52FB131C2C37E18B00ECE4B1 /* Views */ = {
			isa = PBXGroup;
			children = (
				52FB13272C38343A00ECE4B1 /* TodoCell.swift */,
				52FB13222C382B5100ECE4B1 /* CalendarViewController.swift */,
				52FB132B2C38795800ECE4B1 /* CalendarCell.swift */,
			);
			path = Views;
			sourceTree = "<group>";
		};
		52FB131D2C37E19100ECE4B1 /* ViewModels */ = {
			isa = PBXGroup;
			children = (
				52FB13242C382C5D00ECE4B1 /* CalendarViewModel.swift */,
			);
			path = ViewModels;
			sourceTree = "<group>";
		};
		E3833EA39D8292DC608CEE6C /* Frameworks */ = {
			isa = PBXGroup;
			children = (
				837A1BA3F920F0C6D3E63FCA /* Pods_Todo.framework */,
				582910CB609E5BE0A7EACB3D /* Pods_Todo_TodoUITests.framework */,
				D3B432608053D762B049FD67 /* Pods_TodoTests.framework */,
			);
			name = Frameworks;
			sourceTree = "<group>";
		};
/* End PBXGroup section */

/* Begin PBXNativeTarget section */
		52B03E702C268085007D8DC9 /* Todo */ = {
			isa = PBXNativeTarget;
			buildConfigurationList = 52B03E952C26808A007D8DC9 /* Build configuration list for PBXNativeTarget "Todo" */;
			buildPhases = (
				0AFE930EFA17BB0B6A3EACE6 /* [CP] Check Pods Manifest.lock */,
				52B03E6D2C268085007D8DC9 /* Sources */,
				5239ED822C41B0B4001D236D /* Swiftlint */,
				52B03E6E2C268085007D8DC9 /* Frameworks */,
				52B03E6F2C268085007D8DC9 /* Resources */,
			);
			buildRules = (
			);
			dependencies = (
			);
			name = Todo;
			packageProductDependencies = (
				52F8D3232C3ED6BD001BC6D3 /* CocoaLumberjack */,
				52F8D3252C3ED6BD001BC6D3 /* CocoaLumberjackSwift */,
			);
			productName = Todo;
			productReference = 52B03E712C268085007D8DC9 /* Todo.app */;
			productType = "com.apple.product-type.application";
		};
		52B03E802C26808A007D8DC9 /* TodoTests */ = {
			isa = PBXNativeTarget;
			buildConfigurationList = 52B03E982C26808A007D8DC9 /* Build configuration list for PBXNativeTarget "TodoTests" */;
			buildPhases = (
				17727F3BE2F140B744B8F6BD /* [CP] Check Pods Manifest.lock */,
				52B03E7D2C26808A007D8DC9 /* Sources */,
				52B03E7E2C26808A007D8DC9 /* Frameworks */,
				52B03E7F2C26808A007D8DC9 /* Resources */,
			);
			buildRules = (
			);
			dependencies = (
				52B03E832C26808A007D8DC9 /* PBXTargetDependency */,
			);
			name = TodoTests;
			productName = TodoTests;
			productReference = 52B03E812C26808A007D8DC9 /* TodoTests.xctest */;
			productType = "com.apple.product-type.bundle.unit-test";
		};
		52B03E8A2C26808A007D8DC9 /* TodoUITests */ = {
			isa = PBXNativeTarget;
			buildConfigurationList = 52B03E9B2C26808A007D8DC9 /* Build configuration list for PBXNativeTarget "TodoUITests" */;
			buildPhases = (
				B00C783DAC843EFF57656153 /* [CP] Check Pods Manifest.lock */,
				52B03E872C26808A007D8DC9 /* Sources */,
				52B03E882C26808A007D8DC9 /* Frameworks */,
				52B03E892C26808A007D8DC9 /* Resources */,
			);
			buildRules = (
			);
			dependencies = (
				52B03E8D2C26808A007D8DC9 /* PBXTargetDependency */,
			);
			name = TodoUITests;
			productName = TodoUITests;
			productReference = 52B03E8B2C26808A007D8DC9 /* TodoUITests.xctest */;
			productType = "com.apple.product-type.bundle.ui-testing";
		};
/* End PBXNativeTarget section */

/* Begin PBXProject section */
		52B03E692C268085007D8DC9 /* Project object */ = {
			isa = PBXProject;
			attributes = {
				BuildIndependentTargetsInParallel = 1;
				LastSwiftUpdateCheck = 1530;
				LastUpgradeCheck = 1530;
				TargetAttributes = {
					52B03E702C268085007D8DC9 = {
						CreatedOnToolsVersion = 15.3;
					};
					52B03E802C26808A007D8DC9 = {
						CreatedOnToolsVersion = 15.3;
						TestTargetID = 52B03E702C268085007D8DC9;
					};
					52B03E8A2C26808A007D8DC9 = {
						CreatedOnToolsVersion = 15.3;
						TestTargetID = 52B03E702C268085007D8DC9;
					};
				};
			};
			buildConfigurationList = 52B03E6C2C268085007D8DC9 /* Build configuration list for PBXProject "Todo" */;
			compatibilityVersion = "Xcode 14.0";
			developmentRegion = en;
			hasScannedForEncodings = 0;
			knownRegions = (
				en,
				Base,
			);
			mainGroup = 52B03E682C268085007D8DC9;
			packageReferences = (
				52F8D3222C3ED6BD001BC6D3 /* XCRemoteSwiftPackageReference "CocoaLumberjack" */,
			);
			productRefGroup = 52B03E722C268085007D8DC9 /* Products */;
			projectDirPath = "";
			projectRoot = "";
			targets = (
				52B03E702C268085007D8DC9 /* Todo */,
				52B03E802C26808A007D8DC9 /* TodoTests */,
				52B03E8A2C26808A007D8DC9 /* TodoUITests */,
			);
		};
/* End PBXProject section */

/* Begin PBXResourcesBuildPhase section */
		52B03E6F2C268085007D8DC9 /* Resources */ = {
			isa = PBXResourcesBuildPhase;
			buildActionMask = 2147483647;
			files = (
				52B03E7C2C268089007D8DC9 /* Preview Assets.xcassets in Resources */,
				52B03E792C268089007D8DC9 /* Assets.xcassets in Resources */,
			);
			runOnlyForDeploymentPostprocessing = 0;
		};
		52B03E7F2C26808A007D8DC9 /* Resources */ = {
			isa = PBXResourcesBuildPhase;
			buildActionMask = 2147483647;
			files = (
			);
			runOnlyForDeploymentPostprocessing = 0;
		};
		52B03E892C26808A007D8DC9 /* Resources */ = {
			isa = PBXResourcesBuildPhase;
			buildActionMask = 2147483647;
			files = (
			);
			runOnlyForDeploymentPostprocessing = 0;
		};
/* End PBXResourcesBuildPhase section */

/* Begin PBXShellScriptBuildPhase section */
		0AFE930EFA17BB0B6A3EACE6 /* [CP] Check Pods Manifest.lock */ = {
			isa = PBXShellScriptBuildPhase;
			buildActionMask = 2147483647;
			files = (
			);
			inputFileListPaths = (
			);
			inputPaths = (
				"${PODS_PODFILE_DIR_PATH}/Podfile.lock",
				"${PODS_ROOT}/Manifest.lock",
			);
			name = "[CP] Check Pods Manifest.lock";
			outputFileListPaths = (
			);
			outputPaths = (
				"$(DERIVED_FILE_DIR)/Pods-Todo-checkManifestLockResult.txt",
			);
			runOnlyForDeploymentPostprocessing = 0;
			shellPath = /bin/sh;
			shellScript = "diff \"${PODS_PODFILE_DIR_PATH}/Podfile.lock\" \"${PODS_ROOT}/Manifest.lock\" > /dev/null\nif [ $? != 0 ] ; then\n    # print error to STDERR\n    echo \"error: The sandbox is not in sync with the Podfile.lock. Run 'pod install' or update your CocoaPods installation.\" >&2\n    exit 1\nfi\n# This output is used by Xcode 'outputs' to avoid re-running this script phase.\necho \"SUCCESS\" > \"${SCRIPT_OUTPUT_FILE_0}\"\n";
			showEnvVarsInLog = 0;
		};
		17727F3BE2F140B744B8F6BD /* [CP] Check Pods Manifest.lock */ = {
			isa = PBXShellScriptBuildPhase;
			buildActionMask = 2147483647;
			files = (
			);
			inputFileListPaths = (
			);
			inputPaths = (
				"${PODS_PODFILE_DIR_PATH}/Podfile.lock",
				"${PODS_ROOT}/Manifest.lock",
			);
			name = "[CP] Check Pods Manifest.lock";
			outputFileListPaths = (
			);
			outputPaths = (
				"$(DERIVED_FILE_DIR)/Pods-TodoTests-checkManifestLockResult.txt",
			);
			runOnlyForDeploymentPostprocessing = 0;
			shellPath = /bin/sh;
			shellScript = "diff \"${PODS_PODFILE_DIR_PATH}/Podfile.lock\" \"${PODS_ROOT}/Manifest.lock\" > /dev/null\nif [ $? != 0 ] ; then\n    # print error to STDERR\n    echo \"error: The sandbox is not in sync with the Podfile.lock. Run 'pod install' or update your CocoaPods installation.\" >&2\n    exit 1\nfi\n# This output is used by Xcode 'outputs' to avoid re-running this script phase.\necho \"SUCCESS\" > \"${SCRIPT_OUTPUT_FILE_0}\"\n";
			showEnvVarsInLog = 0;
		};
		5239ED822C41B0B4001D236D /* Swiftlint */ = {
			isa = PBXShellScriptBuildPhase;
			alwaysOutOfDate = 1;
			buildActionMask = 2147483647;
			files = (
			);
			inputFileListPaths = (
			);
			inputPaths = (
			);
			name = Swiftlint;
			outputFileListPaths = (
			);
			outputPaths = (
			);
			runOnlyForDeploymentPostprocessing = 0;
			shellPath = /bin/sh;
			shellScript = "# Type a script or drag a script file from your workspace to insert its path.\n\"${PODS_ROOT}/SwiftLint/swiftlint\"\n";
			showEnvVarsInLog = 0;
		};
		B00C783DAC843EFF57656153 /* [CP] Check Pods Manifest.lock */ = {
			isa = PBXShellScriptBuildPhase;
			buildActionMask = 2147483647;
			files = (
			);
			inputFileListPaths = (
			);
			inputPaths = (
				"${PODS_PODFILE_DIR_PATH}/Podfile.lock",
				"${PODS_ROOT}/Manifest.lock",
			);
			name = "[CP] Check Pods Manifest.lock";
			outputFileListPaths = (
			);
			outputPaths = (
				"$(DERIVED_FILE_DIR)/Pods-Todo-TodoUITests-checkManifestLockResult.txt",
			);
			runOnlyForDeploymentPostprocessing = 0;
			shellPath = /bin/sh;
			shellScript = "diff \"${PODS_PODFILE_DIR_PATH}/Podfile.lock\" \"${PODS_ROOT}/Manifest.lock\" > /dev/null\nif [ $? != 0 ] ; then\n    # print error to STDERR\n    echo \"error: The sandbox is not in sync with the Podfile.lock. Run 'pod install' or update your CocoaPods installation.\" >&2\n    exit 1\nfi\n# This output is used by Xcode 'outputs' to avoid re-running this script phase.\necho \"SUCCESS\" > \"${SCRIPT_OUTPUT_FILE_0}\"\n";
			showEnvVarsInLog = 0;
		};
/* End PBXShellScriptBuildPhase section */

/* Begin PBXSourcesBuildPhase section */
		52B03E6D2C268085007D8DC9 /* Sources */ = {
			isa = PBXSourcesBuildPhase;
			buildActionMask = 2147483647;
			files = (
				52FB13232C382B5100ECE4B1 /* CalendarViewController.swift in Sources */,
				5296A3142C2EA82900312885 /* MyDoingsView.swift in Sources */,
				5296A32B2C2F878400312885 /* TodoRowView.swift in Sources */,
				5296A3192C2EF2F000312885 /* ImportancePickerView.swift in Sources */,
				5296A3292C2F7C7E00312885 /* Color+HexString.swift in Sources */,
				52B03EA62C268170007D8DC9 /* TodoItem+ParsingCSV.swift in Sources */,
				52FB13252C382C5D00ECE4B1 /* CalendarViewModel.swift in Sources */,
				52FB132C2C38795800ECE4B1 /* CalendarCell.swift in Sources */,
				52FB132A2C3837F500ECE4B1 /* CalendarViewWrapper.swift in Sources */,
				52FB13302C38B03200ECE4B1 /* Category.swift in Sources */,
				52FB13282C38343A00ECE4B1 /* TodoCell.swift in Sources */,
				52B03EAC2C2681D3007D8DC9 /* JsonFileStorageStrategy.swift in Sources */,
				5296A3202C2F2FCF00312885 /* EditTodoItemView.swift in Sources */,
				52B03EA22C268125007D8DC9 /* TodoItem.swift in Sources */,
				52B03EAA2C2681B1007D8DC9 /* FileStorageStrategy.swift in Sources */,
				5296A31B2C2EF30400312885 /* DeadlinePickerView.swift in Sources */,
				5296A3222C2F321F00312885 /* EditTodoItemViewModel.swift in Sources */,
				52B03EAE2C268203007D8DC9 /* CSVFileStorageStrategy.swift in Sources */,
				5296A3162C2EABCE00312885 /* MyDoingsViewModel.swift in Sources */,
				52FB132E2C38AF9300ECE4B1 /* CategoryPickerView.swift in Sources */,
				52FB13162C35F6F400ECE4B1 /* NewTodoRowView.swift in Sources */,
				5296A3272C2F7C2300312885 /* UIColor+Blend.swift in Sources */,
				52B03E752C268085007D8DC9 /* TodoApp.swift in Sources */,
				5296A3252C2F5AF200312885 /* CustomColorPickerView.swift in Sources */,
				52B03EA82C268197007D8DC9 /* FileCache.swift in Sources */,
				52B03EA42C268157007D8DC9 /* TodoItem+ParsingJson.swift in Sources */,
			);
			runOnlyForDeploymentPostprocessing = 0;
		};
		52B03E7D2C26808A007D8DC9 /* Sources */ = {
			isa = PBXSourcesBuildPhase;
			buildActionMask = 2147483647;
			files = (
				52B03EB02C268245007D8DC9 /* TodoItemTests.swift in Sources */,
				52B03E862C26808A007D8DC9 /* TodoTests.swift in Sources */,
			);
			runOnlyForDeploymentPostprocessing = 0;
		};
		52B03E872C26808A007D8DC9 /* Sources */ = {
			isa = PBXSourcesBuildPhase;
			buildActionMask = 2147483647;
			files = (
				52B03E922C26808A007D8DC9 /* TodoUITestsLaunchTests.swift in Sources */,
				52B03E902C26808A007D8DC9 /* TodoUITests.swift in Sources */,
			);
			runOnlyForDeploymentPostprocessing = 0;
		};
/* End PBXSourcesBuildPhase section */

/* Begin PBXTargetDependency section */
		52B03E832C26808A007D8DC9 /* PBXTargetDependency */ = {
			isa = PBXTargetDependency;
			target = 52B03E702C268085007D8DC9 /* Todo */;
			targetProxy = 52B03E822C26808A007D8DC9 /* PBXContainerItemProxy */;
		};
		52B03E8D2C26808A007D8DC9 /* PBXTargetDependency */ = {
			isa = PBXTargetDependency;
			target = 52B03E702C268085007D8DC9 /* Todo */;
			targetProxy = 52B03E8C2C26808A007D8DC9 /* PBXContainerItemProxy */;
		};
/* End PBXTargetDependency section */

/* Begin XCBuildConfiguration section */
		52B03E932C26808A007D8DC9 /* Debug */ = {
			isa = XCBuildConfiguration;
			buildSettings = {
				ALWAYS_SEARCH_USER_PATHS = NO;
				ASSETCATALOG_COMPILER_GENERATE_SWIFT_ASSET_SYMBOL_EXTENSIONS = YES;
				CLANG_ANALYZER_NONNULL = YES;
				CLANG_ANALYZER_NUMBER_OBJECT_CONVERSION = YES_AGGRESSIVE;
				CLANG_CXX_LANGUAGE_STANDARD = "gnu++20";
				CLANG_ENABLE_MODULES = YES;
				CLANG_ENABLE_OBJC_ARC = YES;
				CLANG_ENABLE_OBJC_WEAK = YES;
				CLANG_WARN_BLOCK_CAPTURE_AUTORELEASING = YES;
				CLANG_WARN_BOOL_CONVERSION = YES;
				CLANG_WARN_COMMA = YES;
				CLANG_WARN_CONSTANT_CONVERSION = YES;
				CLANG_WARN_DEPRECATED_OBJC_IMPLEMENTATIONS = YES;
				CLANG_WARN_DIRECT_OBJC_ISA_USAGE = YES_ERROR;
				CLANG_WARN_DOCUMENTATION_COMMENTS = YES;
				CLANG_WARN_EMPTY_BODY = YES;
				CLANG_WARN_ENUM_CONVERSION = YES;
				CLANG_WARN_INFINITE_RECURSION = YES;
				CLANG_WARN_INT_CONVERSION = YES;
				CLANG_WARN_NON_LITERAL_NULL_CONVERSION = YES;
				CLANG_WARN_OBJC_IMPLICIT_RETAIN_SELF = YES;
				CLANG_WARN_OBJC_LITERAL_CONVERSION = YES;
				CLANG_WARN_OBJC_ROOT_CLASS = YES_ERROR;
				CLANG_WARN_QUOTED_INCLUDE_IN_FRAMEWORK_HEADER = YES;
				CLANG_WARN_RANGE_LOOP_ANALYSIS = YES;
				CLANG_WARN_STRICT_PROTOTYPES = YES;
				CLANG_WARN_SUSPICIOUS_MOVE = YES;
				CLANG_WARN_UNGUARDED_AVAILABILITY = YES_AGGRESSIVE;
				CLANG_WARN_UNREACHABLE_CODE = YES;
				CLANG_WARN__DUPLICATE_METHOD_MATCH = YES;
				COPY_PHASE_STRIP = NO;
				DEBUG_INFORMATION_FORMAT = dwarf;
				ENABLE_STRICT_OBJC_MSGSEND = YES;
				ENABLE_TESTABILITY = YES;
				ENABLE_USER_SCRIPT_SANDBOXING = NO;
				GCC_C_LANGUAGE_STANDARD = gnu17;
				GCC_DYNAMIC_NO_PIC = NO;
				GCC_NO_COMMON_BLOCKS = YES;
				GCC_OPTIMIZATION_LEVEL = 0;
				GCC_PREPROCESSOR_DEFINITIONS = (
					"DEBUG=1",
					"$(inherited)",
				);
				GCC_WARN_64_TO_32_BIT_CONVERSION = YES;
				GCC_WARN_ABOUT_RETURN_TYPE = YES_ERROR;
				GCC_WARN_UNDECLARED_SELECTOR = YES;
				GCC_WARN_UNINITIALIZED_AUTOS = YES_AGGRESSIVE;
				GCC_WARN_UNUSED_FUNCTION = YES;
				GCC_WARN_UNUSED_VARIABLE = YES;
				IPHONEOS_DEPLOYMENT_TARGET = 17.4;
				LOCALIZATION_PREFERS_STRING_CATALOGS = YES;
				MTL_ENABLE_DEBUG_INFO = INCLUDE_SOURCE;
				MTL_FAST_MATH = YES;
				ONLY_ACTIVE_ARCH = YES;
				SDKROOT = iphoneos;
				SWIFT_ACTIVE_COMPILATION_CONDITIONS = "DEBUG $(inherited)";
				SWIFT_OPTIMIZATION_LEVEL = "-Onone";
			};
			name = Debug;
		};
		52B03E942C26808A007D8DC9 /* Release */ = {
			isa = XCBuildConfiguration;
			buildSettings = {
				ALWAYS_SEARCH_USER_PATHS = NO;
				ASSETCATALOG_COMPILER_GENERATE_SWIFT_ASSET_SYMBOL_EXTENSIONS = YES;
				CLANG_ANALYZER_NONNULL = YES;
				CLANG_ANALYZER_NUMBER_OBJECT_CONVERSION = YES_AGGRESSIVE;
				CLANG_CXX_LANGUAGE_STANDARD = "gnu++20";
				CLANG_ENABLE_MODULES = YES;
				CLANG_ENABLE_OBJC_ARC = YES;
				CLANG_ENABLE_OBJC_WEAK = YES;
				CLANG_WARN_BLOCK_CAPTURE_AUTORELEASING = YES;
				CLANG_WARN_BOOL_CONVERSION = YES;
				CLANG_WARN_COMMA = YES;
				CLANG_WARN_CONSTANT_CONVERSION = YES;
				CLANG_WARN_DEPRECATED_OBJC_IMPLEMENTATIONS = YES;
				CLANG_WARN_DIRECT_OBJC_ISA_USAGE = YES_ERROR;
				CLANG_WARN_DOCUMENTATION_COMMENTS = YES;
				CLANG_WARN_EMPTY_BODY = YES;
				CLANG_WARN_ENUM_CONVERSION = YES;
				CLANG_WARN_INFINITE_RECURSION = YES;
				CLANG_WARN_INT_CONVERSION = YES;
				CLANG_WARN_NON_LITERAL_NULL_CONVERSION = YES;
				CLANG_WARN_OBJC_IMPLICIT_RETAIN_SELF = YES;
				CLANG_WARN_OBJC_LITERAL_CONVERSION = YES;
				CLANG_WARN_OBJC_ROOT_CLASS = YES_ERROR;
				CLANG_WARN_QUOTED_INCLUDE_IN_FRAMEWORK_HEADER = YES;
				CLANG_WARN_RANGE_LOOP_ANALYSIS = YES;
				CLANG_WARN_STRICT_PROTOTYPES = YES;
				CLANG_WARN_SUSPICIOUS_MOVE = YES;
				CLANG_WARN_UNGUARDED_AVAILABILITY = YES_AGGRESSIVE;
				CLANG_WARN_UNREACHABLE_CODE = YES;
				CLANG_WARN__DUPLICATE_METHOD_MATCH = YES;
				COPY_PHASE_STRIP = NO;
				DEBUG_INFORMATION_FORMAT = "dwarf-with-dsym";
				ENABLE_NS_ASSERTIONS = NO;
				ENABLE_STRICT_OBJC_MSGSEND = YES;
				ENABLE_USER_SCRIPT_SANDBOXING = NO;
				GCC_C_LANGUAGE_STANDARD = gnu17;
				GCC_NO_COMMON_BLOCKS = YES;
				GCC_WARN_64_TO_32_BIT_CONVERSION = YES;
				GCC_WARN_ABOUT_RETURN_TYPE = YES_ERROR;
				GCC_WARN_UNDECLARED_SELECTOR = YES;
				GCC_WARN_UNINITIALIZED_AUTOS = YES_AGGRESSIVE;
				GCC_WARN_UNUSED_FUNCTION = YES;
				GCC_WARN_UNUSED_VARIABLE = YES;
				IPHONEOS_DEPLOYMENT_TARGET = 17.4;
				LOCALIZATION_PREFERS_STRING_CATALOGS = YES;
				MTL_ENABLE_DEBUG_INFO = NO;
				MTL_FAST_MATH = YES;
				SDKROOT = iphoneos;
				SWIFT_COMPILATION_MODE = wholemodule;
				VALIDATE_PRODUCT = YES;
			};
			name = Release;
		};
		52B03E962C26808A007D8DC9 /* Debug */ = {
			isa = XCBuildConfiguration;
			baseConfigurationReference = 1E2F528F709D1FC875011E59 /* Pods-Todo.debug.xcconfig */;
			buildSettings = {
				ASSETCATALOG_COMPILER_APPICON_NAME = AppIcon;
				ASSETCATALOG_COMPILER_GLOBAL_ACCENT_COLOR_NAME = AccentColor;
				CODE_SIGN_STYLE = Automatic;
				CURRENT_PROJECT_VERSION = 1;
				DEVELOPMENT_ASSET_PATHS = "\"Todo/Preview Content\"";
				DEVELOPMENT_TEAM = B7GS8QJHZS;
				ENABLE_PREVIEWS = YES;
				GENERATE_INFOPLIST_FILE = YES;
				INFOPLIST_KEY_UIApplicationSceneManifest_Generation = YES;
				INFOPLIST_KEY_UIApplicationSupportsIndirectInputEvents = YES;
				INFOPLIST_KEY_UILaunchScreen_Generation = YES;
				INFOPLIST_KEY_UISupportedInterfaceOrientations_iPad = "UIInterfaceOrientationPortrait UIInterfaceOrientationPortraitUpsideDown UIInterfaceOrientationLandscapeLeft UIInterfaceOrientationLandscapeRight";
				INFOPLIST_KEY_UISupportedInterfaceOrientations_iPhone = "UIInterfaceOrientationPortrait UIInterfaceOrientationLandscapeLeft UIInterfaceOrientationLandscapeRight";
				IPHONEOS_DEPLOYMENT_TARGET = 17.0;
				LD_RUNPATH_SEARCH_PATHS = (
					"$(inherited)",
					"@executable_path/Frameworks",
				);
				MARKETING_VERSION = 1.0;
				PRODUCT_BUNDLE_IDENTIFIER = nvoter.Todo;
				PRODUCT_NAME = "$(TARGET_NAME)";
				SWIFT_EMIT_LOC_STRINGS = YES;
				SWIFT_VERSION = 5.0;
				TARGETED_DEVICE_FAMILY = "1,2";
			};
			name = Debug;
		};
		52B03E972C26808A007D8DC9 /* Release */ = {
			isa = XCBuildConfiguration;
			baseConfigurationReference = BD75CB3BF24EFA4273288A11 /* Pods-Todo.release.xcconfig */;
			buildSettings = {
				ASSETCATALOG_COMPILER_APPICON_NAME = AppIcon;
				ASSETCATALOG_COMPILER_GLOBAL_ACCENT_COLOR_NAME = AccentColor;
				CODE_SIGN_STYLE = Automatic;
				CURRENT_PROJECT_VERSION = 1;
				DEVELOPMENT_ASSET_PATHS = "\"Todo/Preview Content\"";
				DEVELOPMENT_TEAM = B7GS8QJHZS;
				ENABLE_PREVIEWS = YES;
				GENERATE_INFOPLIST_FILE = YES;
				INFOPLIST_KEY_UIApplicationSceneManifest_Generation = YES;
				INFOPLIST_KEY_UIApplicationSupportsIndirectInputEvents = YES;
				INFOPLIST_KEY_UILaunchScreen_Generation = YES;
				INFOPLIST_KEY_UISupportedInterfaceOrientations_iPad = "UIInterfaceOrientationPortrait UIInterfaceOrientationPortraitUpsideDown UIInterfaceOrientationLandscapeLeft UIInterfaceOrientationLandscapeRight";
				INFOPLIST_KEY_UISupportedInterfaceOrientations_iPhone = "UIInterfaceOrientationPortrait UIInterfaceOrientationLandscapeLeft UIInterfaceOrientationLandscapeRight";
				IPHONEOS_DEPLOYMENT_TARGET = 17.0;
				LD_RUNPATH_SEARCH_PATHS = (
					"$(inherited)",
					"@executable_path/Frameworks",
				);
				MARKETING_VERSION = 1.0;
				PRODUCT_BUNDLE_IDENTIFIER = nvoter.Todo;
				PRODUCT_NAME = "$(TARGET_NAME)";
				SWIFT_EMIT_LOC_STRINGS = YES;
				SWIFT_VERSION = 5.0;
				TARGETED_DEVICE_FAMILY = "1,2";
			};
			name = Release;
		};
		52B03E992C26808A007D8DC9 /* Debug */ = {
			isa = XCBuildConfiguration;
			baseConfigurationReference = 1D95342A1C9A738FF80A5A08 /* Pods-TodoTests.debug.xcconfig */;
			buildSettings = {
				ALWAYS_EMBED_SWIFT_STANDARD_LIBRARIES = YES;
				BUNDLE_LOADER = "$(TEST_HOST)";
				CODE_SIGN_STYLE = Automatic;
				CURRENT_PROJECT_VERSION = 1;
				DEVELOPMENT_TEAM = B7GS8QJHZS;
				GENERATE_INFOPLIST_FILE = YES;
				IPHONEOS_DEPLOYMENT_TARGET = 17.0;
				MARKETING_VERSION = 1.0;
				PRODUCT_BUNDLE_IDENTIFIER = nvoter.TodoTests;
				PRODUCT_NAME = "$(TARGET_NAME)";
				SWIFT_EMIT_LOC_STRINGS = NO;
				SWIFT_VERSION = 5.0;
				TARGETED_DEVICE_FAMILY = "1,2";
				TEST_HOST = "$(BUILT_PRODUCTS_DIR)/Todo.app/$(BUNDLE_EXECUTABLE_FOLDER_PATH)/Todo";
			};
			name = Debug;
		};
		52B03E9A2C26808A007D8DC9 /* Release */ = {
			isa = XCBuildConfiguration;
			baseConfigurationReference = D839AAB48AF3AA3EDD1C74E9 /* Pods-TodoTests.release.xcconfig */;
			buildSettings = {
				ALWAYS_EMBED_SWIFT_STANDARD_LIBRARIES = YES;
				BUNDLE_LOADER = "$(TEST_HOST)";
				CODE_SIGN_STYLE = Automatic;
				CURRENT_PROJECT_VERSION = 1;
				DEVELOPMENT_TEAM = B7GS8QJHZS;
				GENERATE_INFOPLIST_FILE = YES;
				IPHONEOS_DEPLOYMENT_TARGET = 17.0;
				MARKETING_VERSION = 1.0;
				PRODUCT_BUNDLE_IDENTIFIER = nvoter.TodoTests;
				PRODUCT_NAME = "$(TARGET_NAME)";
				SWIFT_EMIT_LOC_STRINGS = NO;
				SWIFT_VERSION = 5.0;
				TARGETED_DEVICE_FAMILY = "1,2";
				TEST_HOST = "$(BUILT_PRODUCTS_DIR)/Todo.app/$(BUNDLE_EXECUTABLE_FOLDER_PATH)/Todo";
			};
			name = Release;
		};
		52B03E9C2C26808A007D8DC9 /* Debug */ = {
			isa = XCBuildConfiguration;
			baseConfigurationReference = 6A1C154F959415B2451F9503 /* Pods-Todo-TodoUITests.debug.xcconfig */;
			buildSettings = {
				ALWAYS_EMBED_SWIFT_STANDARD_LIBRARIES = YES;
				CODE_SIGN_STYLE = Automatic;
				CURRENT_PROJECT_VERSION = 1;
				DEVELOPMENT_TEAM = B7GS8QJHZS;
				GENERATE_INFOPLIST_FILE = YES;
				IPHONEOS_DEPLOYMENT_TARGET = 17.0;
				MARKETING_VERSION = 1.0;
				PRODUCT_BUNDLE_IDENTIFIER = nvoter.TodoUITests;
				PRODUCT_NAME = "$(TARGET_NAME)";
				SWIFT_EMIT_LOC_STRINGS = NO;
				SWIFT_VERSION = 5.0;
				TARGETED_DEVICE_FAMILY = "1,2";
				TEST_TARGET_NAME = Todo;
			};
			name = Debug;
		};
		52B03E9D2C26808A007D8DC9 /* Release */ = {
			isa = XCBuildConfiguration;
			baseConfigurationReference = 1F74BA2E734AF91672644DC0 /* Pods-Todo-TodoUITests.release.xcconfig */;
			buildSettings = {
				ALWAYS_EMBED_SWIFT_STANDARD_LIBRARIES = YES;
				CODE_SIGN_STYLE = Automatic;
				CURRENT_PROJECT_VERSION = 1;
				DEVELOPMENT_TEAM = B7GS8QJHZS;
				GENERATE_INFOPLIST_FILE = YES;
				IPHONEOS_DEPLOYMENT_TARGET = 17.0;
				MARKETING_VERSION = 1.0;
				PRODUCT_BUNDLE_IDENTIFIER = nvoter.TodoUITests;
				PRODUCT_NAME = "$(TARGET_NAME)";
				SWIFT_EMIT_LOC_STRINGS = NO;
				SWIFT_VERSION = 5.0;
				TARGETED_DEVICE_FAMILY = "1,2";
				TEST_TARGET_NAME = Todo;
			};
			name = Release;
		};
/* End XCBuildConfiguration section */

/* Begin XCConfigurationList section */
		52B03E6C2C268085007D8DC9 /* Build configuration list for PBXProject "Todo" */ = {
			isa = XCConfigurationList;
			buildConfigurations = (
				52B03E932C26808A007D8DC9 /* Debug */,
				52B03E942C26808A007D8DC9 /* Release */,
			);
			defaultConfigurationIsVisible = 0;
			defaultConfigurationName = Release;
		};
		52B03E952C26808A007D8DC9 /* Build configuration list for PBXNativeTarget "Todo" */ = {
			isa = XCConfigurationList;
			buildConfigurations = (
				52B03E962C26808A007D8DC9 /* Debug */,
				52B03E972C26808A007D8DC9 /* Release */,
			);
			defaultConfigurationIsVisible = 0;
			defaultConfigurationName = Release;
		};
		52B03E982C26808A007D8DC9 /* Build configuration list for PBXNativeTarget "TodoTests" */ = {
			isa = XCConfigurationList;
			buildConfigurations = (
				52B03E992C26808A007D8DC9 /* Debug */,
				52B03E9A2C26808A007D8DC9 /* Release */,
			);
			defaultConfigurationIsVisible = 0;
			defaultConfigurationName = Release;
		};
		52B03E9B2C26808A007D8DC9 /* Build configuration list for PBXNativeTarget "TodoUITests" */ = {
			isa = XCConfigurationList;
			buildConfigurations = (
				52B03E9C2C26808A007D8DC9 /* Debug */,
				52B03E9D2C26808A007D8DC9 /* Release */,
			);
			defaultConfigurationIsVisible = 0;
			defaultConfigurationName = Release;
		};
/* End XCConfigurationList section */

/* Begin XCRemoteSwiftPackageReference section */
		52F8D3222C3ED6BD001BC6D3 /* XCRemoteSwiftPackageReference "CocoaLumberjack" */ = {
			isa = XCRemoteSwiftPackageReference;
			repositoryURL = "https://github.com/CocoaLumberjack/CocoaLumberjack.git";
			requirement = {
				kind = upToNextMajorVersion;
				minimumVersion = 3.8.5;
			};
		};
/* End XCRemoteSwiftPackageReference section */

/* Begin XCSwiftPackageProductDependency section */
		52F8D3232C3ED6BD001BC6D3 /* CocoaLumberjack */ = {
			isa = XCSwiftPackageProductDependency;
			package = 52F8D3222C3ED6BD001BC6D3 /* XCRemoteSwiftPackageReference "CocoaLumberjack" */;
			productName = CocoaLumberjack;
		};
		52F8D3252C3ED6BD001BC6D3 /* CocoaLumberjackSwift */ = {
			isa = XCSwiftPackageProductDependency;
			package = 52F8D3222C3ED6BD001BC6D3 /* XCRemoteSwiftPackageReference "CocoaLumberjack" */;
			productName = CocoaLumberjackSwift;
		};
/* End XCSwiftPackageProductDependency section */
	};
	rootObject = 52B03E692C268085007D8DC9 /* Project object */;
}
